
Microsoft Visual Studio Solution File, Format Version 12.00
# Visual Studio Version 16
VisualStudioVersion = 16.0.30002.166
MinimumVisualStudioVersion = 10.0.40219.1
Project("{8BC9CEB8-8B4A-11D0-8D11-00A0C91BC942}") = "IntersectionSegments3D", "IntersectionSegments3D\IntersectionSegments3D.vcxproj", "{96463759-2A49-40AD-8EDD-485B4814F3DD}"
EndProject
Project("{8BC9CEB8-8B4A-11D0-8D11-00A0C91BC942}") = "TestIntersectionSegments3D", "TestIntersectionSegments3D\TestIntersectionSegments3D.vcxproj", "{F54FC687-EC47-4409-821A-DB6380CA6CA6}"
EndProject
Global
	GlobalSection(SolutionConfigurationPlatforms) = preSolution
		Debug|x64 = Debug|x64
		Debug|x86 = Debug|x86
		Release|x64 = Release|x64
		Release|x86 = Release|x86
	EndGlobalSection
	GlobalSection(ProjectConfigurationPlatforms) = postSolution
		{96463759-2A49-40AD-8EDD-485B4814F3DD}.Debug|x64.ActiveCfg = Debug|x64
		{96463759-2A49-40AD-8EDD-485B4814F3DD}.Debug|x64.Build.0 = Debug|x64
		{96463759-2A49-40AD-8EDD-485B4814F3DD}.Debug|x86.ActiveCfg = Debug|Win32
		{96463759-2A49-40AD-8EDD-485B4814F3DD}.Debug|x86.Build.0 = Debug|Win32
		{96463759-2A49-40AD-8EDD-485B4814F3DD}.Release|x64.ActiveCfg = Release|x64
		{96463759-2A49-40AD-8EDD-485B4814F3DD}.Release|x64.Build.0 = Release|x64
		{96463759-2A49-40AD-8EDD-485B4814F3DD}.Release|x86.ActiveCfg = Release|Win32
		{96463759-2A49-40AD-8EDD-485B4814F3DD}.Release|x86.Build.0 = Release|Win32
		{F54FC687-EC47-4409-821A-DB6380CA6CA6}.Debug|x64.ActiveCfg = Debug|x64
		{F54FC687-EC47-4409-821A-DB6380CA6CA6}.Debug|x64.Build.0 = Debug|x64
		{F54FC687-EC47-4409-821A-DB6380CA6CA6}.Debug|x86.ActiveCfg = Debug|Win32
		{F54FC687-EC47-4409-821A-DB6380CA6CA6}.Debug|x86.Build.0 = Debug|Win32
		{F54FC687-EC47-4409-821A-DB6380CA6CA6}.Release|x64.ActiveCfg = Release|x64
		{F54FC687-EC47-4409-821A-DB6380CA6CA6}.Release|x64.Build.0 = Release|x64
		{F54FC687-EC47-4409-821A-DB6380CA6CA6}.Release|x86.ActiveCfg = Release|Win32
		{F54FC687-EC47-4409-821A-DB6380CA6CA6}.Release|x86.Build.0 = Release|Win32
	EndGlobalSection
	GlobalSection(SolutionProperties) = preSolution
		HideSolutionNode = FALSE
	EndGlobalSection
	GlobalSection(ExtensibilityGlobals) = postSolution
		SolutionGuid = {84C4C117-DDF5-4A65-BC47-DAE8DA60C1C7}
	EndGlobalSection
EndGlobal
